// !$*UTF8*$!
{
	archiveVersion = 1;
	classes = {
	};
	objectVersion = 50;
	objects = {

/* Begin PBXBuildFile section */
		CA0C71CA25F127E6004826D5 /* Title1013.cpp in Sources */ = {isa = PBXBuildFile; fileRef = CA0C71C925F127E6004826D5 /* Title1013.cpp */; };
		CA0C71D325F24E91004826D5 /* Title020.cpp in Sources */ = {isa = PBXBuildFile; fileRef = CA0C71D225F24E91004826D5 /* Title020.cpp */; };
		CA0C71D625F2539A004826D5 /* Title143.cpp in Sources */ = {isa = PBXBuildFile; fileRef = CA0C71D525F2539A004826D5 /* Title143.cpp */; };
		CA0C71D925F263C6004826D5 /* Title023.cpp in Sources */ = {isa = PBXBuildFile; fileRef = CA0C71D825F263C6004826D5 /* Title023.cpp */; };
		CA0C71DC25F268EB004826D5 /* Title053.cpp in Sources */ = {isa = PBXBuildFile; fileRef = CA0C71DB25F268EB004826D5 /* Title053.cpp */; };
		CA2D7CCF25EA7D6A0067A19D /* Title006.cpp in Sources */ = {isa = PBXBuildFile; fileRef = CA2D7CCE25EA7D6A0067A19D /* Title006.cpp */; };
		CA2D7D6525EDE2110067A19D /* Title007.cpp in Sources */ = {isa = PBXBuildFile; fileRef = CA2D7D6425EDE2110067A19D /* Title007.cpp */; };
		CA2D7D6825EDE5A80067A19D /* Title009.cpp in Sources */ = {isa = PBXBuildFile; fileRef = CA2D7D6725EDE5A80067A19D /* Title009.cpp */; };
		CA2D7D6C25EDE9AA0067A19D /* Title011.cpp in Sources */ = {isa = PBXBuildFile; fileRef = CA2D7D6B25EDE9AA0067A19D /* Title011.cpp */; };
		CA8B59E925E8F4D5009BB5B1 /* main.cpp in Sources */ = {isa = PBXBuildFile; fileRef = CA8B59E825E8F4D5009BB5B1 /* main.cpp */; };
		CA8B59F125E8F506009BB5B1 /* Title001.cpp in Sources */ = {isa = PBXBuildFile; fileRef = CA8B59F025E8F506009BB5B1 /* Title001.cpp */; };
		CA8B59F425E8F656009BB5B1 /* Title002.cpp in Sources */ = {isa = PBXBuildFile; fileRef = CA8B59F325E8F656009BB5B1 /* Title002.cpp */; };
		CA8B59F725E9121F009BB5B1 /* Title003.cpp in Sources */ = {isa = PBXBuildFile; fileRef = CA8B59F625E9121F009BB5B1 /* Title003.cpp */; };
		CA8B59FA25E91D18009BB5B1 /* Title005.cpp in Sources */ = {isa = PBXBuildFile; fileRef = CA8B59F925E91D18009BB5B1 /* Title005.cpp */; };
/* End PBXBuildFile section */

/* Begin PBXCopyFilesBuildPhase section */
		CA8B59E325E8F4D5009BB5B1 /* CopyFiles */ = {
			isa = PBXCopyFilesBuildPhase;
			buildActionMask = 2147483647;
			dstPath = /usr/share/man/man1/;
			dstSubfolderSpec = 0;
			files = (
			);
			runOnlyForDeploymentPostprocessing = 1;
		};
/* End PBXCopyFilesBuildPhase section */

/* Begin PBXFileReference section */
		CA0C71C925F127E6004826D5 /* Title1013.cpp */ = {isa = PBXFileReference; lastKnownFileType = sourcecode.cpp.cpp; path = Title1013.cpp; sourceTree = "<group>"; };
		CA0C71D225F24E91004826D5 /* Title020.cpp */ = {isa = PBXFileReference; lastKnownFileType = sourcecode.cpp.cpp; path = Title020.cpp; sourceTree = "<group>"; };
		CA0C71D525F2539A004826D5 /* Title143.cpp */ = {isa = PBXFileReference; lastKnownFileType = sourcecode.cpp.cpp; path = Title143.cpp; sourceTree = "<group>"; };
		CA0C71D825F263C6004826D5 /* Title023.cpp */ = {isa = PBXFileReference; lastKnownFileType = sourcecode.cpp.cpp; path = Title023.cpp; sourceTree = "<group>"; };
		CA0C71DB25F268EB004826D5 /* Title053.cpp */ = {isa = PBXFileReference; lastKnownFileType = sourcecode.cpp.cpp; path = Title053.cpp; sourceTree = "<group>"; };
		CA2D7CCE25EA7D6A0067A19D /* Title006.cpp */ = {isa = PBXFileReference; lastKnownFileType = sourcecode.cpp.cpp; path = Title006.cpp; sourceTree = "<group>"; };
		CA2D7D6425EDE2110067A19D /* Title007.cpp */ = {isa = PBXFileReference; lastKnownFileType = sourcecode.cpp.cpp; path = Title007.cpp; sourceTree = "<group>"; };
		CA2D7D6725EDE5A80067A19D /* Title009.cpp */ = {isa = PBXFileReference; lastKnownFileType = sourcecode.cpp.cpp; path = Title009.cpp; sourceTree = "<group>"; };
		CA2D7D6B25EDE9AA0067A19D /* Title011.cpp */ = {isa = PBXFileReference; lastKnownFileType = sourcecode.cpp.cpp; path = Title011.cpp; sourceTree = "<group>"; };
		CA8B59E525E8F4D5009BB5B1 /* StudyAlgorithm */ = {isa = PBXFileReference; explicitFileType = "compiled.mach-o.executable"; includeInIndex = 0; path = StudyAlgorithm; sourceTree = BUILT_PRODUCTS_DIR; };
		CA8B59E825E8F4D5009BB5B1 /* main.cpp */ = {isa = PBXFileReference; lastKnownFileType = sourcecode.cpp.cpp; path = main.cpp; sourceTree = "<group>"; };
		CA8B59F025E8F506009BB5B1 /* Title001.cpp */ = {isa = PBXFileReference; lastKnownFileType = sourcecode.cpp.cpp; path = Title001.cpp; sourceTree = "<group>"; };
		CA8B59F325E8F656009BB5B1 /* Title002.cpp */ = {isa = PBXFileReference; lastKnownFileType = sourcecode.cpp.cpp; path = Title002.cpp; sourceTree = "<group>"; };
		CA8B59F625E9121F009BB5B1 /* Title003.cpp */ = {isa = PBXFileReference; lastKnownFileType = sourcecode.cpp.cpp; path = Title003.cpp; sourceTree = "<group>"; };
		CA8B59F925E91D18009BB5B1 /* Title005.cpp */ = {isa = PBXFileReference; lastKnownFileType = sourcecode.cpp.cpp; path = Title005.cpp; sourceTree = "<group>"; };
/* End PBXFileReference section */

/* Begin PBXFrameworksBuildPhase section */
		CA8B59E225E8F4D5009BB5B1 /* Frameworks */ = {
			isa = PBXFrameworksBuildPhase;
			buildActionMask = 2147483647;
			files = (
			);
			runOnlyForDeploymentPostprocessing = 0;
		};
/* End PBXFrameworksBuildPhase section */

/* Begin PBXGroup section */
		CA8B59DC25E8F4D5009BB5B1 = {
			isa = PBXGroup;
			children = (
				CA8B59E725E8F4D5009BB5B1 /* StudyAlgorithm */,
				CA8B59E625E8F4D5009BB5B1 /* Products */,
			);
			sourceTree = "<group>";
		};
		CA8B59E625E8F4D5009BB5B1 /* Products */ = {
			isa = PBXGroup;
			children = (
				CA8B59E525E8F4D5009BB5B1 /* StudyAlgorithm */,
			);
			name = Products;
			sourceTree = "<group>";
		};
		CA8B59E725E8F4D5009BB5B1 /* StudyAlgorithm */ = {
			isa = PBXGroup;
			children = (
				CA8B59E825E8F4D5009BB5B1 /* main.cpp */,
				CA8B59F025E8F506009BB5B1 /* Title001.cpp */,
				CA8B59F325E8F656009BB5B1 /* Title002.cpp */,
				CA8B59F625E9121F009BB5B1 /* Title003.cpp */,
				CA8B59F925E91D18009BB5B1 /* Title005.cpp */,
				CA2D7CCE25EA7D6A0067A19D /* Title006.cpp */,
				CA2D7D6425EDE2110067A19D /* Title007.cpp */,
				CA2D7D6725EDE5A80067A19D /* Title009.cpp */,
				CA2D7D6B25EDE9AA0067A19D /* Title011.cpp */,
				CA0C71D225F24E91004826D5 /* Title020.cpp */,
				CA0C71D825F263C6004826D5 /* Title023.cpp */,
				CA0C71DB25F268EB004826D5 /* Title053.cpp */,
				CA0C71C925F127E6004826D5 /* Title1013.cpp */,
				CA0C71D525F2539A004826D5 /* Title143.cpp */,
			);
			path = StudyAlgorithm;
			sourceTree = "<group>";
		};
/* End PBXGroup section */

/* Begin PBXNativeTarget section */
		CA8B59E425E8F4D5009BB5B1 /* StudyAlgorithm */ = {
			isa = PBXNativeTarget;
			buildConfigurationList = CA8B59EC25E8F4D5009BB5B1 /* Build configuration list for PBXNativeTarget "StudyAlgorithm" */;
			buildPhases = (
				CA8B59E125E8F4D5009BB5B1 /* Sources */,
				CA8B59E225E8F4D5009BB5B1 /* Frameworks */,
				CA8B59E325E8F4D5009BB5B1 /* CopyFiles */,
			);
			buildRules = (
			);
			dependencies = (
			);
			name = StudyAlgorithm;
			productName = StudyAlgorithm;
			productReference = CA8B59E525E8F4D5009BB5B1 /* StudyAlgorithm */;
			productType = "com.apple.product-type.tool";
		};
/* End PBXNativeTarget section */

/* Begin PBXProject section */
		CA8B59DD25E8F4D5009BB5B1 /* Project object */ = {
			isa = PBXProject;
			attributes = {
				LastUpgradeCheck = 1210;
				TargetAttributes = {
					CA8B59E425E8F4D5009BB5B1 = {
						CreatedOnToolsVersion = 12.1;
					};
				};
			};
			buildConfigurationList = CA8B59E025E8F4D5009BB5B1 /* Build configuration list for PBXProject "StudyAlgorithm" */;
			compatibilityVersion = "Xcode 9.3";
			developmentRegion = en;
			hasScannedForEncodings = 0;
			knownRegions = (
				en,
				Base,
			);
			mainGroup = CA8B59DC25E8F4D5009BB5B1;
			productRefGroup = CA8B59E625E8F4D5009BB5B1 /* Products */;
			projectDirPath = "";
			projectRoot = "";
			targets = (
				CA8B59E425E8F4D5009BB5B1 /* StudyAlgorithm */,
			);
		};
/* End PBXProject section */

/* Begin PBXSourcesBuildPhase section */
		CA8B59E125E8F4D5009BB5B1 /* Sources */ = {
			isa = PBXSourcesBuildPhase;
			buildActionMask = 2147483647;
			files = (
				CA8B59F125E8F506009BB5B1 /* Title001.cpp in Sources */,
				CA8B59FA25E91D18009BB5B1 /* Title005.cpp in Sources */,
				CA0C71D325F24E91004826D5 /* Title020.cpp in Sources */,
				CA2D7D6C25EDE9AA0067A19D /* Title011.cpp in Sources */,
				CA8B59E925E8F4D5009BB5B1 /* main.cpp in Sources */,
				CA0C71DC25F268EB004826D5 /* Title053.cpp in Sources */,
				CA8B59F725E9121F009BB5B1 /* Title003.cpp in Sources */,
				CA0C71CA25F127E6004826D5 /* Title1013.cpp in Sources */,
				CA8B59F425E8F656009BB5B1 /* Title002.cpp in Sources */,
				CA2D7D6525EDE2110067A19D /* Title007.cpp in Sources */,
				CA2D7CCF25EA7D6A0067A19D /* Title006.cpp in Sources */,
				CA2D7D6825EDE5A80067A19D /* Title009.cpp in Sources */,
				CA0C71D925F263C6004826D5 /* Title023.cpp in Sources */,
				CA0C71D625F2539A004826D5 /* Title143.cpp in Sources */,
			);
			runOnlyForDeploymentPostprocessing = 0;
		};
/* End PBXSourcesBuildPhase section */

/* Begin XCBuildConfiguration section */
		CA8B59EA25E8F4D5009BB5B1 /* Debug */ = {
			isa = XCBuildConfiguration;
			buildSettings = {
				ALWAYS_SEARCH_USER_PATHS = NO;
				CLANG_ANALYZER_NONNULL = YES;
				CLANG_ANALYZER_NUMBER_OBJECT_CONVERSION = YES_AGGRESSIVE;
				CLANG_CXX_LANGUAGE_STANDARD = "gnu++14";
				CLANG_CXX_LIBRARY = "libc++";
				CLANG_ENABLE_MODULES = YES;
				CLANG_ENABLE_OBJC_ARC = YES;
				CLANG_ENABLE_OBJC_WEAK = YES;
				CLANG_WARN_BLOCK_CAPTURE_AUTORELEASING = YES;
				CLANG_WARN_BOOL_CONVERSION = YES;
				CLANG_WARN_COMMA = YES;
				CLANG_WARN_CONSTANT_CONVERSION = YES;
				CLANG_WARN_DEPRECATED_OBJC_IMPLEMENTATIONS = YES;
				CLANG_WARN_DIRECT_OBJC_ISA_USAGE = YES_ERROR;
				CLANG_WARN_DOCUMENTATION_COMMENTS = YES;
				CLANG_WARN_EMPTY_BODY = YES;
				CLANG_WARN_ENUM_CONVERSION = YES;
				CLANG_WARN_INFINITE_RECURSION = YES;
				CLANG_WARN_INT_CONVERSION = YES;
				CLANG_WARN_NON_LITERAL_NULL_CONVERSION = YES;
				CLANG_WARN_OBJC_IMPLICIT_RETAIN_SELF = YES;
				CLANG_WARN_OBJC_LITERAL_CONVERSION = YES;
				CLANG_WARN_OBJC_ROOT_CLASS = YES_ERROR;
				CLANG_WARN_QUOTED_INCLUDE_IN_FRAMEWORK_HEADER = YES;
				CLANG_WARN_RANGE_LOOP_ANALYSIS = YES;
				CLANG_WARN_STRICT_PROTOTYPES = YES;
				CLANG_WARN_SUSPICIOUS_MOVE = YES;
				CLANG_WARN_UNGUARDED_AVAILABILITY = YES_AGGRESSIVE;
				CLANG_WARN_UNREACHABLE_CODE = YES;
				CLANG_WARN__DUPLICATE_METHOD_MATCH = YES;
				COPY_PHASE_STRIP = NO;
				DEBUG_INFORMATION_FORMAT = dwarf;
				ENABLE_STRICT_OBJC_MSGSEND = YES;
				ENABLE_TESTABILITY = YES;
				GCC_C_LANGUAGE_STANDARD = gnu11;
				GCC_DYNAMIC_NO_PIC = NO;
				GCC_NO_COMMON_BLOCKS = YES;
				GCC_OPTIMIZATION_LEVEL = 0;
				GCC_PREPROCESSOR_DEFINITIONS = (
					"DEBUG=1",
					"$(inherited)",
				);
				GCC_WARN_64_TO_32_BIT_CONVERSION = YES;
				GCC_WARN_ABOUT_RETURN_TYPE = YES_ERROR;
				GCC_WARN_UNDECLARED_SELECTOR = YES;
				GCC_WARN_UNINITIALIZED_AUTOS = YES_AGGRESSIVE;
				GCC_WARN_UNUSED_FUNCTION = YES;
				GCC_WARN_UNUSED_VARIABLE = YES;
				MACOSX_DEPLOYMENT_TARGET = 10.15;
				MTL_ENABLE_DEBUG_INFO = INCLUDE_SOURCE;
				MTL_FAST_MATH = YES;
				ONLY_ACTIVE_ARCH = YES;
				SDKROOT = macosx;
			};
			name = Debug;
		};
		CA8B59EB25E8F4D5009BB5B1 /* Release */ = {
			isa = XCBuildConfiguration;
			buildSettings = {
				ALWAYS_SEARCH_USER_PATHS = NO;
				CLANG_ANALYZER_NONNULL = YES;
				CLANG_ANALYZER_NUMBER_OBJECT_CONVERSION = YES_AGGRESSIVE;
				CLANG_CXX_LANGUAGE_STANDARD = "gnu++14";
				CLANG_CXX_LIBRARY = "libc++";
				CLANG_ENABLE_MODULES = YES;
				CLANG_ENABLE_OBJC_ARC = YES;
				CLANG_ENABLE_OBJC_WEAK = YES;
				CLANG_WARN_BLOCK_CAPTURE_AUTORELEASING = YES;
				CLANG_WARN_BOOL_CONVERSION = YES;
				CLANG_WARN_COMMA = YES;
				CLANG_WARN_CONSTANT_CONVERSION = YES;
				CLANG_WARN_DEPRECATED_OBJC_IMPLEMENTATIONS = YES;
				CLANG_WARN_DIRECT_OBJC_ISA_USAGE = YES_ERROR;
				CLANG_WARN_DOCUMENTATION_COMMENTS = YES;
				CLANG_WARN_EMPTY_BODY = YES;
				CLANG_WARN_ENUM_CONVERSION = YES;
				CLANG_WARN_INFINITE_RECURSION = YES;
				CLANG_WARN_INT_CONVERSION = YES;
				CLANG_WARN_NON_LITERAL_NULL_CONVERSION = YES;
				CLANG_WARN_OBJC_IMPLICIT_RETAIN_SELF = YES;
				CLANG_WARN_OBJC_LITERAL_CONVERSION = YES;
				CLANG_WARN_OBJC_ROOT_CLASS = YES_ERROR;
				CLANG_WARN_QUOTED_INCLUDE_IN_FRAMEWORK_HEADER = YES;
				CLANG_WARN_RANGE_LOOP_ANALYSIS = YES;
				CLANG_WARN_STRICT_PROTOTYPES = YES;
				CLANG_WARN_SUSPICIOUS_MOVE = YES;
				CLANG_WARN_UNGUARDED_AVAILABILITY = YES_AGGRESSIVE;
				CLANG_WARN_UNREACHABLE_CODE = YES;
				CLANG_WARN__DUPLICATE_METHOD_MATCH = YES;
				COPY_PHASE_STRIP = NO;
				DEBUG_INFORMATION_FORMAT = "dwarf-with-dsym";
				ENABLE_NS_ASSERTIONS = NO;
				ENABLE_STRICT_OBJC_MSGSEND = YES;
				GCC_C_LANGUAGE_STANDARD = gnu11;
				GCC_NO_COMMON_BLOCKS = YES;
				GCC_WARN_64_TO_32_BIT_CONVERSION = YES;
				GCC_WARN_ABOUT_RETURN_TYPE = YES_ERROR;
				GCC_WARN_UNDECLARED_SELECTOR = YES;
				GCC_WARN_UNINITIALIZED_AUTOS = YES_AGGRESSIVE;
				GCC_WARN_UNUSED_FUNCTION = YES;
				GCC_WARN_UNUSED_VARIABLE = YES;
				MACOSX_DEPLOYMENT_TARGET = 10.15;
				MTL_ENABLE_DEBUG_INFO = NO;
				MTL_FAST_MATH = YES;
				SDKROOT = macosx;
			};
			name = Release;
		};
		CA8B59ED25E8F4D5009BB5B1 /* Debug */ = {
			isa = XCBuildConfiguration;
			buildSettings = {
				CODE_SIGN_STYLE = Automatic;
				PRODUCT_NAME = "$(TARGET_NAME)";
			};
			name = Debug;
		};
		CA8B59EE25E8F4D5009BB5B1 /* Release */ = {
			isa = XCBuildConfiguration;
			buildSettings = {
				CODE_SIGN_STYLE = Automatic;
				PRODUCT_NAME = "$(TARGET_NAME)";
			};
			name = Release;
		};
/* End XCBuildConfiguration section */

/* Begin XCConfigurationList section */
		CA8B59E025E8F4D5009BB5B1 /* Build configuration list for PBXProject "StudyAlgorithm" */ = {
			isa = XCConfigurationList;
			buildConfigurations = (
				CA8B59EA25E8F4D5009BB5B1 /* Debug */,
				CA8B59EB25E8F4D5009BB5B1 /* Release */,
			);
			defaultConfigurationIsVisible = 0;
			defaultConfigurationName = Release;
		};
		CA8B59EC25E8F4D5009BB5B1 /* Build configuration list for PBXNativeTarget "StudyAlgorithm" */ = {
			isa = XCConfigurationList;
			buildConfigurations = (
				CA8B59ED25E8F4D5009BB5B1 /* Debug */,
				CA8B59EE25E8F4D5009BB5B1 /* Release */,
			);
			defaultConfigurationIsVisible = 0;
			defaultConfigurationName = Release;
		};
/* End XCConfigurationList section */
	};
	rootObject = CA8B59DD25E8F4D5009BB5B1 /* Project object */;
}
